// !$*UTF8*$!
{
	archiveVersion = 1;
	classes = {};
	objectVersion = 56;
	objects = {

/* Begin PBXBuildFile section */
		A00000000000000000000001 /* XIXICAREApp.swift in Sources */ = {isa = PBXBuildFile; fileRef = B00000000000000000000001; };
		A00000000000000000000002 /* Theme.swift in Sources */ = {isa = PBXBuildFile; fileRef = B00000000000000000000002; };
		A00000000000000000000003 /* Models.swift in Sources */ = {isa = PBXBuildFile; fileRef = B00000000000000000000003; };
		A00000000000000000000004 /* AppStore.swift in Sources */ = {isa = PBXBuildFile; fileRef = B00000000000000000000004; };
		A00000000000000000000005 /* ContentView.swift in Sources */ = {isa = PBXBuildFile; fileRef = B00000000000000000000005; };
		A00000000000000000000006 /* DashboardView.swift in Sources */ = {isa = PBXBuildFile; fileRef = B00000000000000000000006; };
		A00000000000000000000007 /* TimelineView.swift in Sources */ = {isa = PBXBuildFile; fileRef = B00000000000000000000007; };
		A00000000000000000000008 /* GuideView.swift in Sources */ = {isa = PBXBuildFile; fileRef = B00000000000000000000008; };
		A00000000000000000000009 /* StatsView.swift in Sources */ = {isa = PBXBuildFile; fileRef = B00000000000000000000009; };
		A0000000000000000000000A /* SettingsView.swift in Sources */ = {isa = PBXBuildFile; fileRef = B0000000000000000000000A; };
		A0000000000000000000000B /* SoundPlayerView.swift in Sources */ = {isa = PBXBuildFile; fileRef = B0000000000000000000000B; };
		A00000000000000000000101 /* Assets.xcassets in Resources */ = {isa = PBXBuildFile; fileRef = B00000000000000000000101; };
		A00000000000000000000102 /* gentle-rain.mp3 in Resources */ = {isa = PBXBuildFile; fileRef = B00000000000000000000102; };
		A00000000000000000000103 /* sea-waves.mp3 in Resources */ = {isa = PBXBuildFile; fileRef = B00000000000000000000103; };
		A00000000000000000000104 /* forest-stream.mp3 in Resources */ = {isa = PBXBuildFile; fileRef = B00000000000000000000104; };
		A00000000000000000000105 /* gentle-wind.mp3 in Resources */ = {isa = PBXBuildFile; fileRef = B00000000000000000000105; };
		A00000000000000000000106 /* forest-birds.mp3 in Resources */ = {isa = PBXBuildFile; fileRef = B00000000000000000000106; };
		A00000000000000000000107 /* baby-lullaby.mp3 in Resources */ = {isa = PBXBuildFile; fileRef = B00000000000000000000107; };
		A00000000000000000000108 /* forever-love.mp3 in Resources */ = {isa = PBXBuildFile; fileRef = B00000000000000000000108; };
		A00000000000000000000109 /* christmas-lullaby.mp3 in Resources */ = {isa = PBXBuildFile; fileRef = B00000000000000000000109; };
		A0000000000000000000010A /* moon-lullaby.mp3 in Resources */ = {isa = PBXBuildFile; fileRef = B0000000000000000000010A; };
		A0000000000000000000010B /* close-your-eyes.mp3 in Resources */ = {isa = PBXBuildFile; fileRef = B0000000000000000000010B; };
/* End PBXBuildFile section */

/* Begin PBXFileReference section */
		B00000000000000000000001 /* XIXICAREApp.swift */ = {isa = PBXFileReference; lastKnownFileType = sourcecode.swift; path = XIXICAREApp.swift; sourceTree = "<group>"; };
		B00000000000000000000002 /* Theme.swift */ = {isa = PBXFileReference; lastKnownFileType = sourcecode.swift; path = Theme.swift; sourceTree = "<group>"; };
		B00000000000000000000003 /* Models.swift */ = {isa = PBXFileReference; lastKnownFileType = sourcecode.swift; path = Models.swift; sourceTree = "<group>"; };
		B00000000000000000000004 /* AppStore.swift */ = {isa = PBXFileReference; lastKnownFileType = sourcecode.swift; path = AppStore.swift; sourceTree = "<group>"; };
		B00000000000000000000005 /* ContentView.swift */ = {isa = PBXFileReference; lastKnownFileType = sourcecode.swift; path = ContentView.swift; sourceTree = "<group>"; };
		B00000000000000000000006 /* DashboardView.swift */ = {isa = PBXFileReference; lastKnownFileType = sourcecode.swift; path = DashboardView.swift; sourceTree = "<group>"; };
		B00000000000000000000007 /* TimelineView.swift */ = {isa = PBXFileReference; lastKnownFileType = sourcecode.swift; path = TimelineView.swift; sourceTree = "<group>"; };
		B00000000000000000000008 /* GuideView.swift */ = {isa = PBXFileReference; lastKnownFileType = sourcecode.swift; path = GuideView.swift; sourceTree = "<group>"; };
		B00000000000000000000009 /* StatsView.swift */ = {isa = PBXFileReference; lastKnownFileType = sourcecode.swift; path = StatsView.swift; sourceTree = "<group>"; };
		B0000000000000000000000A /* SettingsView.swift */ = {isa = PBXFileReference; lastKnownFileType = sourcecode.swift; path = SettingsView.swift; sourceTree = "<group>"; };
		B0000000000000000000000B /* SoundPlayerView.swift */ = {isa = PBXFileReference; lastKnownFileType = sourcecode.swift; path = SoundPlayerView.swift; sourceTree = "<group>"; };
		B00000000000000000000101 /* Assets.xcassets */ = {isa = PBXFileReference; lastKnownFileType = folder.assetcatalog; path = Assets.xcassets; sourceTree = "<group>"; };
		B00000000000000000000102 /* gentle-rain.mp3 */ = {isa = PBXFileReference; lastKnownFileType = audio.mp3; path = "gentle-rain.mp3"; sourceTree = "<group>"; };
		B00000000000000000000103 /* sea-waves.mp3 */ = {isa = PBXFileReference; lastKnownFileType = audio.mp3; path = "sea-waves.mp3"; sourceTree = "<group>"; };
		B00000000000000000000104 /* forest-stream.mp3 */ = {isa = PBXFileReference; lastKnownFileType = audio.mp3; path = "forest-stream.mp3"; sourceTree = "<group>"; };
		B00000000000000000000105 /* gentle-wind.mp3 */ = {isa = PBXFileReference; lastKnownFileType = audio.mp3; path = "gentle-wind.mp3"; sourceTree = "<group>"; };
		B00000000000000000000106 /* forest-birds.mp3 */ = {isa = PBXFileReference; lastKnownFileType = audio.mp3; path = "forest-birds.mp3"; sourceTree = "<group>"; };
		B00000000000000000000107 /* baby-lullaby.mp3 */ = {isa = PBXFileReference; lastKnownFileType = audio.mp3; path = "baby-lullaby.mp3"; sourceTree = "<group>"; };
		B00000000000000000000108 /* forever-love.mp3 */ = {isa = PBXFileReference; lastKnownFileType = audio.mp3; path = "forever-love.mp3"; sourceTree = "<group>"; };
		B00000000000000000000109 /* christmas-lullaby.mp3 */ = {isa = PBXFileReference; lastKnownFileType = audio.mp3; path = "christmas-lullaby.mp3"; sourceTree = "<group>"; };
		B0000000000000000000010A /* moon-lullaby.mp3 */ = {isa = PBXFileReference; lastKnownFileType = audio.mp3; path = "moon-lullaby.mp3"; sourceTree = "<group>"; };
		B0000000000000000000010B /* close-your-eyes.mp3 */ = {isa = PBXFileReference; lastKnownFileType = audio.mp3; path = "close-your-eyes.mp3"; sourceTree = "<group>"; };
		B00000000000000000000F00 /* XIXICARE.app */ = {isa = PBXFileReference; explicitFileType = wrapper.application; includeInIndex = 0; path = XIXICARE.app; sourceTree = BUILT_PRODUCTS_DIR; };
/* End PBXFileReference section */

/* Begin PBXFrameworksBuildPhase section */
		C00000000000000000000001 /* Frameworks */ = {isa = PBXFrameworksBuildPhase; buildActionMask = 2147483647; files = (); runOnlyForDeploymentPostprocessing = 0; };
/* End PBXFrameworksBuildPhase section */

/* Begin PBXGroup section */
		D00000000000000000000001 = {isa = PBXGroup; children = (D00000000000000000000002 /* XIXICARE */, D00000000000000000000005 /* Products */); sourceTree = "<group>"; };
		D00000000000000000000002 /* XIXICARE */ = {isa = PBXGroup; children = (D00000000000000000000003 /* App */, D00000000000000000000004 /* Resources */); path = XIXICARE; sourceTree = "<group>"; };
		D00000000000000000000003 /* App */ = {isa = PBXGroup; children = (B00000000000000000000001, B00000000000000000000002, B00000000000000000000003, B00000000000000000000004, B00000000000000000000005, B00000000000000000000006, B00000000000000000000007, B00000000000000000000008, B00000000000000000000009, B0000000000000000000000A, B0000000000000000000000B); path = App; sourceTree = "<group>"; };
		D00000000000000000000004 /* Resources */ = {isa = PBXGroup; children = (B00000000000000000000101, B00000000000000000000E01 /* Info.plist */, D00000000000000000000006 /* Sounds */); path = Resources; sourceTree = "<group>"; };
		D00000000000000000000005 /* Products */ = {isa = PBXGroup; children = (B00000000000000000000F00); name = Products; sourceTree = "<group>"; };
		D00000000000000000000006 /* Sounds */ = {isa = PBXGroup; children = (B00000000000000000000102, B00000000000000000000103, B00000000000000000000104, B00000000000000000000105, B00000000000000000000106, B00000000000000000000107, B00000000000000000000108, B00000000000000000000109, B0000000000000000000010A, B0000000000000000000010B); path = Sounds; sourceTree = "<group>"; };
/* End PBXGroup section */

/* Begin PBXFileReference section continuation */
		B00000000000000000000E01 /* Info.plist */ = {isa = PBXFileReference; lastKnownFileType = text.plist.xml; path = Info.plist; sourceTree = "<group>"; };
/* End PBXFileReference section continuation */

/* Begin PBXNativeTarget section */
		E00000000000000000000001 /* XIXICARE */ = {isa = PBXNativeTarget; buildConfigurationList = H00000000000000000000002; buildPhases = (F00000000000000000000001, C00000000000000000000001, F00000000000000000000002); buildRules = (); dependencies = (); name = XIXICARE; productName = XIXICARE; productReference = B00000000000000000000F00; productType = "com.apple.product-type.application"; };
/* End PBXNativeTarget section */

/* Begin PBXProject section */
		G00000000000000000000001 /* Project object */ = {isa = PBXProject; attributes = {BuildIndependentTargetsInParallel = 1; LastSwiftUpdateCheck = 1600; LastUpgradeCheck = 1600; TargetAttributes = {E00000000000000000000001 = {CreatedOnToolsVersion = 16.0;};};}; buildConfigurationList = H00000000000000000000001; compatibilityVersion = "Xcode 14.0"; developmentRegion = zh_CN; hasScannedForEncodings = 0; knownRegions = (zh_CN, Base); mainGroup = D00000000000000000000001; productRefGroup = D00000000000000000000005; projectDirPath = ""; projectRoot = ""; targets = (E00000000000000000000001); };
/* End PBXProject section */

/* Begin PBXResourcesBuildPhase section */
		F00000000000000000000002 /* Resources */ = {isa = PBXResourcesBuildPhase; buildActionMask = 2147483647; files = (A00000000000000000000101, A00000000000000000000102, A00000000000000000000103, A00000000000000000000104, A00000000000000000000105, A00000000000000000000106, A00000000000000000000107, A00000000000000000000108, A00000000000000000000109, A0000000000000000000010A, A0000000000000000000010B); runOnlyForDeploymentPostprocessing = 0; };
/* End PBXResourcesBuildPhase section */

/* Begin PBXSourcesBuildPhase section */
		F00000000000000000000001 /* Sources */ = {isa = PBXSourcesBuildPhase; buildActionMask = 2147483647; files = (A00000000000000000000001, A00000000000000000000002, A00000000000000000000003, A00000000000000000000004, A00000000000000000000005, A00000000000000000000006, A00000000000000000000007, A00000000000000000000008, A00000000000000000000009, A0000000000000000000000A, A0000000000000000000000B); runOnlyForDeploymentPostprocessing = 0; };
/* End PBXSourcesBuildPhase section */

/* Begin XCBuildConfiguration section */
		I00000000000000000000001 /* Debug */ = {isa = XCBuildConfiguration; buildSettings = {ALWAYS_SEARCH_USER_PATHS = NO; CLANG_ENABLE_MODULES = YES; CLANG_ENABLE_OBJC_ARC = YES; DEBUG_INFORMATION_FORMAT = dwarf; ENABLE_TESTABILITY = YES; GCC_C_LANGUAGE_STANDARD = gnu17; IPHONEOS_DEPLOYMENT_TARGET = 16.0; SDKROOT = iphoneos; SWIFT_ACTIVE_COMPILATION_CONDITIONS = DEBUG; SWIFT_OPTIMIZATION_LEVEL = "-Onone";}; name = Debug; };
		I00000000000000000000002 /* Release */ = {isa = XCBuildConfiguration; buildSettings = {ALWAYS_SEARCH_USER_PATHS = NO; CLANG_ENABLE_MODULES = YES; CLANG_ENABLE_OBJC_ARC = YES; DEBUG_INFORMATION_FORMAT = "dwarf-with-dsym"; GCC_C_LANGUAGE_STANDARD = gnu17; IPHONEOS_DEPLOYMENT_TARGET = 16.0; SDKROOT = iphoneos; SWIFT_COMPILATION_MODE = wholemodule; SWIFT_OPTIMIZATION_LEVEL = "-O";}; name = Release; };
		I00000000000000000000003 /* Debug */ = {isa = XCBuildConfiguration; buildSettings = {ASSETCATALOG_COMPILER_APPICON_NAME = AppIcon; CODE_SIGN_STYLE = Automatic; CURRENT_PROJECT_VERSION = 1; INFOPLIST_FILE = XIXICARE/Resources/Info.plist; IPHONEOS_DEPLOYMENT_TARGET = 16.0; MARKETING_VERSION = 1.0.0; PRODUCT_BUNDLE_IDENTIFIER = com.xixicare.ios; PRODUCT_NAME = "$(TARGET_NAME)"; SWIFT_EMIT_LOC_STRINGS = YES; SWIFT_VERSION = 5.0; TARGETED_DEVICE_FAMILY = 1;}; name = Debug; };
		I00000000000000000000004 /* Release */ = {isa = XCBuildConfiguration; buildSettings = {ASSETCATALOG_COMPILER_APPICON_NAME = AppIcon; CODE_SIGN_STYLE = Automatic; CURRENT_PROJECT_VERSION = 1; INFOPLIST_FILE = XIXICARE/Resources/Info.plist; IPHONEOS_DEPLOYMENT_TARGET = 16.0; MARKETING_VERSION = 1.0.0; PRODUCT_BUNDLE_IDENTIFIER = com.xixicare.ios; PRODUCT_NAME = "$(TARGET_NAME)"; SWIFT_EMIT_LOC_STRINGS = YES; SWIFT_VERSION = 5.0; TARGETED_DEVICE_FAMILY = 1;}; name = Release; };
/* End XCBuildConfiguration section */

/* Begin XCConfigurationList section */
		H00000000000000000000001 = {isa = XCConfigurationList; buildConfigurations = (I00000000000000000000001, I00000000000000000000002); defaultConfigurationIsVisible = 0; defaultConfigurationName = Release; };
		H00000000000000000000002 = {isa = XCConfigurationList; buildConfigurations = (I00000000000000000000003, I00000000000000000000004); defaultConfigurationIsVisible = 0; defaultConfigurationName = Release; };
/* End XCConfigurationList section */
	};
	rootObject = G00000000000000000000001;
}
